
Microsoft Visual Studio Solution File, Format Version 12.00
# Visual Studio Version 17
VisualStudioVersion = 17.10.34928.147
MinimumVisualStudioVersion = 10.0.40219.1
Project("{FAE04EC0-301F-11D3-BF4B-00C04F79EFBC}") = "RiggedSphere_API", "RiggedSphere_API\RiggedSphere_API.csproj", "{C721C0CC-2849-4C98-824E-D999AAB6F3A5}"
EndProject
Global
	GlobalSection(SolutionConfigurationPlatforms) = preSolution
		Debug|Any CPU = Debug|Any CPU
		Release|Any CPU = Release|Any CPU
	EndGlobalSection
	GlobalSection(ProjectConfigurationPlatforms) = postSolution
		{C721C0CC-2849-4C98-824E-D999AAB6F3A5}.Debug|Any CPU.ActiveCfg = Debug|Any CPU
		{C721C0CC-2849-4C98-824E-D999AAB6F3A5}.Debug|Any CPU.Build.0 = Debug|Any CPU
		{C721C0CC-2849-4C98-824E-D999AAB6F3A5}.Release|Any CPU.ActiveCfg = Release|Any CPU
		{C721C0CC-2849-4C98-824E-D999AAB6F3A5}.Release|Any CPU.Build.0 = Release|Any CPU
	EndGlobalSection
	GlobalSection(SolutionProperties) = preSolution
		HideSolutionNode = FALSE
	EndGlobalSection
	GlobalSection(ExtensibilityGlobals) = postSolution
		SolutionGuid = {B608792F-1972-495F-8DDD-4423721010E8}
	EndGlobalSection
EndGlobal
